// !$*UTF8*$!
{
	archiveVersion = 1;
	classes = {
	};
	objectVersion = 56;
	objects = {

/* Begin PBXBuildFile section */
		123FC1AC2D5A1C02003B3BDB /* DevExamSwiftUiApp.swift in Sources */ = {isa = PBXBuildFile; fileRef = 123FC1AB2D5A1C02003B3BDB /* DevExamSwiftUiApp.swift */; };
		123FC1B02D5A1C04003B3BDB /* Assets.xcassets in Resources */ = {isa = PBXBuildFile; fileRef = 123FC1AF2D5A1C04003B3BDB /* Assets.xcassets */; };
		123FC1B32D5A1C04003B3BDB /* Preview Assets.xcassets in Resources */ = {isa = PBXBuildFile; fileRef = 123FC1B22D5A1C04003B3BDB /* Preview Assets.xcassets */; };
		123FC1BD2D5A1C04003B3BDB /* DevExamSwiftUiTests.swift in Sources */ = {isa = PBXBuildFile; fileRef = 123FC1BC2D5A1C04003B3BDB /* DevExamSwiftUiTests.swift */; };
		123FC1C72D5A1C04003B3BDB /* DevExamSwiftUiUITests.swift in Sources */ = {isa = PBXBuildFile; fileRef = 123FC1C62D5A1C04003B3BDB /* DevExamSwiftUiUITests.swift */; };
		123FC1C92D5A1C04003B3BDB /* DevExamSwiftUiUITestsLaunchTests.swift in Sources */ = {isa = PBXBuildFile; fileRef = 123FC1C82D5A1C04003B3BDB /* DevExamSwiftUiUITestsLaunchTests.swift */; };
		124C87B22D5B235000D6BEBA /* ContentViewModelTests.swift in Sources */ = {isa = PBXBuildFile; fileRef = 124C87B12D5B235000D6BEBA /* ContentViewModelTests.swift */; };
		12D3DED02D5A4D040068BE37 /* ItemModel.swift in Sources */ = {isa = PBXBuildFile; fileRef = 12D3DECE2D5A4D040068BE37 /* ItemModel.swift */; };
		12D3DED32D5A4D130068BE37 /* ContentView.swift in Sources */ = {isa = PBXBuildFile; fileRef = 12D3DED12D5A4D130068BE37 /* ContentView.swift */; };
		12D3DED62D5A4D190068BE37 /* ContentViewModel.swift in Sources */ = {isa = PBXBuildFile; fileRef = 12D3DED42D5A4D190068BE37 /* ContentViewModel.swift */; };
/* End PBXBuildFile section */

/* Begin PBXContainerItemProxy section */
		123FC1B92D5A1C04003B3BDB /* PBXContainerItemProxy */ = {
			isa = PBXContainerItemProxy;
			containerPortal = 123FC1A02D5A1C02003B3BDB /* Project object */;
			proxyType = 1;
			remoteGlobalIDString = 123FC1A72D5A1C02003B3BDB;
			remoteInfo = DevExamSwiftUi;
		};
		123FC1C32D5A1C04003B3BDB /* PBXContainerItemProxy */ = {
			isa = PBXContainerItemProxy;
			containerPortal = 123FC1A02D5A1C02003B3BDB /* Project object */;
			proxyType = 1;
			remoteGlobalIDString = 123FC1A72D5A1C02003B3BDB;
			remoteInfo = DevExamSwiftUi;
		};
/* End PBXContainerItemProxy section */

/* Begin PBXFileReference section */
		123FC1A82D5A1C02003B3BDB /* DevExamSwiftUi.app */ = {isa = PBXFileReference; explicitFileType = wrapper.application; includeInIndex = 0; path = DevExamSwiftUi.app; sourceTree = BUILT_PRODUCTS_DIR; };
		123FC1AB2D5A1C02003B3BDB /* DevExamSwiftUiApp.swift */ = {isa = PBXFileReference; lastKnownFileType = sourcecode.swift; path = DevExamSwiftUiApp.swift; sourceTree = "<group>"; };
		123FC1AF2D5A1C04003B3BDB /* Assets.xcassets */ = {isa = PBXFileReference; lastKnownFileType = folder.assetcatalog; path = Assets.xcassets; sourceTree = "<group>"; };
		123FC1B22D5A1C04003B3BDB /* Preview Assets.xcassets */ = {isa = PBXFileReference; lastKnownFileType = folder.assetcatalog; path = "Preview Assets.xcassets"; sourceTree = "<group>"; };
		123FC1B82D5A1C04003B3BDB /* DevExamSwiftUiTests.xctest */ = {isa = PBXFileReference; explicitFileType = wrapper.cfbundle; includeInIndex = 0; path = DevExamSwiftUiTests.xctest; sourceTree = BUILT_PRODUCTS_DIR; };
		123FC1BC2D5A1C04003B3BDB /* DevExamSwiftUiTests.swift */ = {isa = PBXFileReference; lastKnownFileType = sourcecode.swift; path = DevExamSwiftUiTests.swift; sourceTree = "<group>"; };
		123FC1C22D5A1C04003B3BDB /* DevExamSwiftUiUITests.xctest */ = {isa = PBXFileReference; explicitFileType = wrapper.cfbundle; includeInIndex = 0; path = DevExamSwiftUiUITests.xctest; sourceTree = BUILT_PRODUCTS_DIR; };
		123FC1C62D5A1C04003B3BDB /* DevExamSwiftUiUITests.swift */ = {isa = PBXFileReference; lastKnownFileType = sourcecode.swift; path = DevExamSwiftUiUITests.swift; sourceTree = "<group>"; };
		123FC1C82D5A1C04003B3BDB /* DevExamSwiftUiUITestsLaunchTests.swift */ = {isa = PBXFileReference; lastKnownFileType = sourcecode.swift; path = DevExamSwiftUiUITestsLaunchTests.swift; sourceTree = "<group>"; };
		124C87B12D5B235000D6BEBA /* ContentViewModelTests.swift */ = {isa = PBXFileReference; lastKnownFileType = sourcecode.swift; path = ContentViewModelTests.swift; sourceTree = "<group>"; };
		12D3DECE2D5A4D040068BE37 /* ItemModel.swift */ = {isa = PBXFileReference; fileEncoding = 4; lastKnownFileType = sourcecode.swift; path = ItemModel.swift; sourceTree = "<group>"; };
		12D3DED12D5A4D130068BE37 /* ContentView.swift */ = {isa = PBXFileReference; fileEncoding = 4; lastKnownFileType = sourcecode.swift; path = ContentView.swift; sourceTree = "<group>"; };
		12D3DED42D5A4D190068BE37 /* ContentViewModel.swift */ = {isa = PBXFileReference; fileEncoding = 4; lastKnownFileType = sourcecode.swift; path = ContentViewModel.swift; sourceTree = "<group>"; };
/* End PBXFileReference section */

/* Begin PBXFrameworksBuildPhase section */
		123FC1A52D5A1C02003B3BDB /* Frameworks */ = {
			isa = PBXFrameworksBuildPhase;
			buildActionMask = 2147483647;
			files = (
			);
			runOnlyForDeploymentPostprocessing = 0;
		};
		123FC1B52D5A1C04003B3BDB /* Frameworks */ = {
			isa = PBXFrameworksBuildPhase;
			buildActionMask = 2147483647;
			files = (
			);
			runOnlyForDeploymentPostprocessing = 0;
		};
		123FC1BF2D5A1C04003B3BDB /* Frameworks */ = {
			isa = PBXFrameworksBuildPhase;
			buildActionMask = 2147483647;
			files = (
			);
			runOnlyForDeploymentPostprocessing = 0;
		};
/* End PBXFrameworksBuildPhase section */

/* Begin PBXGroup section */
		123FC19F2D5A1C02003B3BDB = {
			isa = PBXGroup;
			children = (
				123FC1AA2D5A1C02003B3BDB /* DevExamSwiftUi */,
				123FC1BB2D5A1C04003B3BDB /* DevExamSwiftUiTests */,
				123FC1C52D5A1C04003B3BDB /* DevExamSwiftUiUITests */,
				123FC1A92D5A1C02003B3BDB /* Products */,
			);
			sourceTree = "<group>";
		};
		123FC1A92D5A1C02003B3BDB /* Products */ = {
			isa = PBXGroup;
			children = (
				123FC1A82D5A1C02003B3BDB /* DevExamSwiftUi.app */,
				123FC1B82D5A1C04003B3BDB /* DevExamSwiftUiTests.xctest */,
				123FC1C22D5A1C04003B3BDB /* DevExamSwiftUiUITests.xctest */,
			);
			name = Products;
			sourceTree = "<group>";
		};
		123FC1AA2D5A1C02003B3BDB /* DevExamSwiftUi */ = {
			isa = PBXGroup;
			children = (
				12D3DED52D5A4D190068BE37 /* ViewModel */,
				12D3DED22D5A4D130068BE37 /* View */,
				12D3DECF2D5A4D040068BE37 /* Model */,
				123FC1AB2D5A1C02003B3BDB /* DevExamSwiftUiApp.swift */,
				123FC1AF2D5A1C04003B3BDB /* Assets.xcassets */,
				123FC1B12D5A1C04003B3BDB /* Preview Content */,
			);
			path = DevExamSwiftUi;
			sourceTree = "<group>";
		};
		123FC1B12D5A1C04003B3BDB /* Preview Content */ = {
			isa = PBXGroup;
			children = (
				123FC1B22D5A1C04003B3BDB /* Preview Assets.xcassets */,
			);
			path = "Preview Content";
			sourceTree = "<group>";
		};
		123FC1BB2D5A1C04003B3BDB /* DevExamSwiftUiTests */ = {
			isa = PBXGroup;
			children = (
				123FC1BC2D5A1C04003B3BDB /* DevExamSwiftUiTests.swift */,
				124C87B12D5B235000D6BEBA /* ContentViewModelTests.swift */,
			);
			path = DevExamSwiftUiTests;
			sourceTree = "<group>";
		};
		123FC1C52D5A1C04003B3BDB /* DevExamSwiftUiUITests */ = {
			isa = PBXGroup;
			children = (
				123FC1C62D5A1C04003B3BDB /* DevExamSwiftUiUITests.swift */,
				123FC1C82D5A1C04003B3BDB /* DevExamSwiftUiUITestsLaunchTests.swift */,
			);
			path = DevExamSwiftUiUITests;
			sourceTree = "<group>";
		};
		12D3DECF2D5A4D040068BE37 /* Model */ = {
			isa = PBXGroup;
			children = (
				12D3DECE2D5A4D040068BE37 /* ItemModel.swift */,
			);
			path = Model;
			sourceTree = "<group>";
		};
		12D3DED22D5A4D130068BE37 /* View */ = {
			isa = PBXGroup;
			children = (
				12D3DED12D5A4D130068BE37 /* ContentView.swift */,
			);
			path = View;
			sourceTree = "<group>";
		};
		12D3DED52D5A4D190068BE37 /* ViewModel */ = {
			isa = PBXGroup;
			children = (
				12D3DED42D5A4D190068BE37 /* ContentViewModel.swift */,
			);
			path = ViewModel;
			sourceTree = "<group>";
		};
/* End PBXGroup section */

/* Begin PBXNativeTarget section */
		123FC1A72D5A1C02003B3BDB /* DevExamSwiftUi */ = {
			isa = PBXNativeTarget;
			buildConfigurationList = 123FC1CC2D5A1C04003B3BDB /* Build configuration list for PBXNativeTarget "DevExamSwiftUi" */;
			buildPhases = (
				123FC1A42D5A1C02003B3BDB /* Sources */,
				123FC1A52D5A1C02003B3BDB /* Frameworks */,
				123FC1A62D5A1C02003B3BDB /* Resources */,
			);
			buildRules = (
			);
			dependencies = (
			);
			name = DevExamSwiftUi;
			productName = DevExamSwiftUi;
			productReference = 123FC1A82D5A1C02003B3BDB /* DevExamSwiftUi.app */;
			productType = "com.apple.product-type.application";
		};
		123FC1B72D5A1C04003B3BDB /* DevExamSwiftUiTests */ = {
			isa = PBXNativeTarget;
			buildConfigurationList = 123FC1CF2D5A1C04003B3BDB /* Build configuration list for PBXNativeTarget "DevExamSwiftUiTests" */;
			buildPhases = (
				123FC1B42D5A1C04003B3BDB /* Sources */,
				123FC1B52D5A1C04003B3BDB /* Frameworks */,
				123FC1B62D5A1C04003B3BDB /* Resources */,
			);
			buildRules = (
			);
			dependencies = (
				123FC1BA2D5A1C04003B3BDB /* PBXTargetDependency */,
			);
			name = DevExamSwiftUiTests;
			productName = DevExamSwiftUiTests;
			productReference = 123FC1B82D5A1C04003B3BDB /* DevExamSwiftUiTests.xctest */;
			productType = "com.apple.product-type.bundle.unit-test";
		};
		123FC1C12D5A1C04003B3BDB /* DevExamSwiftUiUITests */ = {
			isa = PBXNativeTarget;
			buildConfigurationList = 123FC1D22D5A1C04003B3BDB /* Build configuration list for PBXNativeTarget "DevExamSwiftUiUITests" */;
			buildPhases = (
				123FC1BE2D5A1C04003B3BDB /* Sources */,
				123FC1BF2D5A1C04003B3BDB /* Frameworks */,
				123FC1C02D5A1C04003B3BDB /* Resources */,
			);
			buildRules = (
			);
			dependencies = (
				123FC1C42D5A1C04003B3BDB /* PBXTargetDependency */,
			);
			name = DevExamSwiftUiUITests;
			productName = DevExamSwiftUiUITests;
			productReference = 123FC1C22D5A1C04003B3BDB /* DevExamSwiftUiUITests.xctest */;
			productType = "com.apple.product-type.bundle.ui-testing";
		};
/* End PBXNativeTarget section */

/* Begin PBXProject section */
		123FC1A02D5A1C02003B3BDB /* Project object */ = {
			isa = PBXProject;
			attributes = {
				BuildIndependentTargetsInParallel = 1;
				LastSwiftUpdateCheck = 1530;
				LastUpgradeCheck = 1530;
				TargetAttributes = {
					123FC1A72D5A1C02003B3BDB = {
						CreatedOnToolsVersion = 15.3;
					};
					123FC1B72D5A1C04003B3BDB = {
						CreatedOnToolsVersion = 15.3;
						TestTargetID = 123FC1A72D5A1C02003B3BDB;
					};
					123FC1C12D5A1C04003B3BDB = {
						CreatedOnToolsVersion = 15.3;
						TestTargetID = 123FC1A72D5A1C02003B3BDB;
					};
				};
			};
			buildConfigurationList = 123FC1A32D5A1C02003B3BDB /* Build configuration list for PBXProject "DevExamSwiftUi" */;
			compatibilityVersion = "Xcode 14.0";
			developmentRegion = en;
			hasScannedForEncodings = 0;
			knownRegions = (
				en,
				Base,
			);
			mainGroup = 123FC19F2D5A1C02003B3BDB;
			productRefGroup = 123FC1A92D5A1C02003B3BDB /* Products */;
			projectDirPath = "";
			projectRoot = "";
			targets = (
				123FC1A72D5A1C02003B3BDB /* DevExamSwiftUi */,
				123FC1B72D5A1C04003B3BDB /* DevExamSwiftUiTests */,
				123FC1C12D5A1C04003B3BDB /* DevExamSwiftUiUITests */,
			);
		};
/* End PBXProject section */

/* Begin PBXResourcesBuildPhase section */
		123FC1A62D5A1C02003B3BDB /* Resources */ = {
			isa = PBXResourcesBuildPhase;
			buildActionMask = 2147483647;
			files = (
				123FC1B32D5A1C04003B3BDB /* Preview Assets.xcassets in Resources */,
				123FC1B02D5A1C04003B3BDB /* Assets.xcassets in Resources */,
			);
			runOnlyForDeploymentPostprocessing = 0;
		};
		123FC1B62D5A1C04003B3BDB /* Resources */ = {
			isa = PBXResourcesBuildPhase;
			buildActionMask = 2147483647;
			files = (
			);
			runOnlyForDeploymentPostprocessing = 0;
		};
		123FC1C02D5A1C04003B3BDB /* Resources */ = {
			isa = PBXResourcesBuildPhase;
			buildActionMask = 2147483647;
			files = (
			);
			runOnlyForDeploymentPostprocessing = 0;
		};
/* End PBXResourcesBuildPhase section */

/* Begin PBXSourcesBuildPhase section */
		123FC1A42D5A1C02003B3BDB /* Sources */ = {
			isa = PBXSourcesBuildPhase;
			buildActionMask = 2147483647;
			files = (
				12D3DED02D5A4D040068BE37 /* ItemModel.swift in Sources */,
				12D3DED32D5A4D130068BE37 /* ContentView.swift in Sources */,
				123FC1AC2D5A1C02003B3BDB /* DevExamSwiftUiApp.swift in Sources */,
				12D3DED62D5A4D190068BE37 /* ContentViewModel.swift in Sources */,
			);
			runOnlyForDeploymentPostprocessing = 0;
		};
		123FC1B42D5A1C04003B3BDB /* Sources */ = {
			isa = PBXSourcesBuildPhase;
			buildActionMask = 2147483647;
			files = (
				124C87B22D5B235000D6BEBA /* ContentViewModelTests.swift in Sources */,
				123FC1BD2D5A1C04003B3BDB /* DevExamSwiftUiTests.swift in Sources */,
			);
			runOnlyForDeploymentPostprocessing = 0;
		};
		123FC1BE2D5A1C04003B3BDB /* Sources */ = {
			isa = PBXSourcesBuildPhase;
			buildActionMask = 2147483647;
			files = (
				123FC1C72D5A1C04003B3BDB /* DevExamSwiftUiUITests.swift in Sources */,
				123FC1C92D5A1C04003B3BDB /* DevExamSwiftUiUITestsLaunchTests.swift in Sources */,
			);
			runOnlyForDeploymentPostprocessing = 0;
		};
/* End PBXSourcesBuildPhase section */

/* Begin PBXTargetDependency section */
		123FC1BA2D5A1C04003B3BDB /* PBXTargetDependency */ = {
			isa = PBXTargetDependency;
			target = 123FC1A72D5A1C02003B3BDB /* DevExamSwiftUi */;
			targetProxy = 123FC1B92D5A1C04003B3BDB /* PBXContainerItemProxy */;
		};
		123FC1C42D5A1C04003B3BDB /* PBXTargetDependency */ = {
			isa = PBXTargetDependency;
			target = 123FC1A72D5A1C02003B3BDB /* DevExamSwiftUi */;
			targetProxy = 123FC1C32D5A1C04003B3BDB /* PBXContainerItemProxy */;
		};
/* End PBXTargetDependency section */

/* Begin XCBuildConfiguration section */
		123FC1CA2D5A1C04003B3BDB /* Debug */ = {
			isa = XCBuildConfiguration;
			buildSettings = {
				ALWAYS_SEARCH_USER_PATHS = NO;
				ASSETCATALOG_COMPILER_GENERATE_SWIFT_ASSET_SYMBOL_EXTENSIONS = YES;
				CLANG_ANALYZER_NONNULL = YES;
				CLANG_ANALYZER_NUMBER_OBJECT_CONVERSION = YES_AGGRESSIVE;
				CLANG_CXX_LANGUAGE_STANDARD = "gnu++20";
				CLANG_ENABLE_MODULES = YES;
				CLANG_ENABLE_OBJC_ARC = YES;
				CLANG_ENABLE_OBJC_WEAK = YES;
				CLANG_WARN_BLOCK_CAPTURE_AUTORELEASING = YES;
				CLANG_WARN_BOOL_CONVERSION = YES;
				CLANG_WARN_COMMA = YES;
				CLANG_WARN_CONSTANT_CONVERSION = YES;
				CLANG_WARN_DEPRECATED_OBJC_IMPLEMENTATIONS = YES;
				CLANG_WARN_DIRECT_OBJC_ISA_USAGE = YES_ERROR;
				CLANG_WARN_DOCUMENTATION_COMMENTS = YES;
				CLANG_WARN_EMPTY_BODY = YES;
				CLANG_WARN_ENUM_CONVERSION = YES;
				CLANG_WARN_INFINITE_RECURSION = YES;
				CLANG_WARN_INT_CONVERSION = YES;
				CLANG_WARN_NON_LITERAL_NULL_CONVERSION = YES;
				CLANG_WARN_OBJC_IMPLICIT_RETAIN_SELF = YES;
				CLANG_WARN_OBJC_LITERAL_CONVERSION = YES;
				CLANG_WARN_OBJC_ROOT_CLASS = YES_ERROR;
				CLANG_WARN_QUOTED_INCLUDE_IN_FRAMEWORK_HEADER = YES;
				CLANG_WARN_RANGE_LOOP_ANALYSIS = YES;
				CLANG_WARN_STRICT_PROTOTYPES = YES;
				CLANG_WARN_SUSPICIOUS_MOVE = YES;
				CLANG_WARN_UNGUARDED_AVAILABILITY = YES_AGGRESSIVE;
				CLANG_WARN_UNREACHABLE_CODE = YES;
				CLANG_WARN__DUPLICATE_METHOD_MATCH = YES;
				COPY_PHASE_STRIP = NO;
				DEBUG_INFORMATION_FORMAT = dwarf;
				ENABLE_STRICT_OBJC_MSGSEND = YES;
				ENABLE_TESTABILITY = YES;
				ENABLE_USER_SCRIPT_SANDBOXING = YES;
				GCC_C_LANGUAGE_STANDARD = gnu17;
				GCC_DYNAMIC_NO_PIC = NO;
				GCC_NO_COMMON_BLOCKS = YES;
				GCC_OPTIMIZATION_LEVEL = 0;
				GCC_PREPROCESSOR_DEFINITIONS = (
					"DEBUG=1",
					"$(inherited)",
				);
				GCC_WARN_64_TO_32_BIT_CONVERSION = YES;
				GCC_WARN_ABOUT_RETURN_TYPE = YES_ERROR;
				GCC_WARN_UNDECLARED_SELECTOR = YES;
				GCC_WARN_UNINITIALIZED_AUTOS = YES_AGGRESSIVE;
				GCC_WARN_UNUSED_FUNCTION = YES;
				GCC_WARN_UNUSED_VARIABLE = YES;
				IPHONEOS_DEPLOYMENT_TARGET = 17.4;
				LOCALIZATION_PREFERS_STRING_CATALOGS = YES;
				MTL_ENABLE_DEBUG_INFO = INCLUDE_SOURCE;
				MTL_FAST_MATH = YES;
				ONLY_ACTIVE_ARCH = YES;
				SDKROOT = iphoneos;
				SWIFT_ACTIVE_COMPILATION_CONDITIONS = "DEBUG $(inherited)";
				SWIFT_OPTIMIZATION_LEVEL = "-Onone";
			};
			name = Debug;
		};
		123FC1CB2D5A1C04003B3BDB /* Release */ = {
			isa = XCBuildConfiguration;
			buildSettings = {
				ALWAYS_SEARCH_USER_PATHS = NO;
				ASSETCATALOG_COMPILER_GENERATE_SWIFT_ASSET_SYMBOL_EXTENSIONS = YES;
				CLANG_ANALYZER_NONNULL = YES;
				CLANG_ANALYZER_NUMBER_OBJECT_CONVERSION = YES_AGGRESSIVE;
				CLANG_CXX_LANGUAGE_STANDARD = "gnu++20";
				CLANG_ENABLE_MODULES = YES;
				CLANG_ENABLE_OBJC_ARC = YES;
				CLANG_ENABLE_OBJC_WEAK = YES;
				CLANG_WARN_BLOCK_CAPTURE_AUTORELEASING = YES;
				CLANG_WARN_BOOL_CONVERSION = YES;
				CLANG_WARN_COMMA = YES;
				CLANG_WARN_CONSTANT_CONVERSION = YES;
				CLANG_WARN_DEPRECATED_OBJC_IMPLEMENTATIONS = YES;
				CLANG_WARN_DIRECT_OBJC_ISA_USAGE = YES_ERROR;
				CLANG_WARN_DOCUMENTATION_COMMENTS = YES;
				CLANG_WARN_EMPTY_BODY = YES;
				CLANG_WARN_ENUM_CONVERSION = YES;
				CLANG_WARN_INFINITE_RECURSION = YES;
				CLANG_WARN_INT_CONVERSION = YES;
				CLANG_WARN_NON_LITERAL_NULL_CONVERSION = YES;
				CLANG_WARN_OBJC_IMPLICIT_RETAIN_SELF = YES;
				CLANG_WARN_OBJC_LITERAL_CONVERSION = YES;
				CLANG_WARN_OBJC_ROOT_CLASS = YES_ERROR;
				CLANG_WARN_QUOTED_INCLUDE_IN_FRAMEWORK_HEADER = YES;
				CLANG_WARN_RANGE_LOOP_ANALYSIS = YES;
				CLANG_WARN_STRICT_PROTOTYPES = YES;
				CLANG_WARN_SUSPICIOUS_MOVE = YES;
				CLANG_WARN_UNGUARDED_AVAILABILITY = YES_AGGRESSIVE;
				CLANG_WARN_UNREACHABLE_CODE = YES;
				CLANG_WARN__DUPLICATE_METHOD_MATCH = YES;
				COPY_PHASE_STRIP = NO;
				DEBUG_INFORMATION_FORMAT = "dwarf-with-dsym";
				ENABLE_NS_ASSERTIONS = NO;
				ENABLE_STRICT_OBJC_MSGSEND = YES;
				ENABLE_USER_SCRIPT_SANDBOXING = YES;
				GCC_C_LANGUAGE_STANDARD = gnu17;
				GCC_NO_COMMON_BLOCKS = YES;
				GCC_WARN_64_TO_32_BIT_CONVERSION = YES;
				GCC_WARN_ABOUT_RETURN_TYPE = YES_ERROR;
				GCC_WARN_UNDECLARED_SELECTOR = YES;
				GCC_WARN_UNINITIALIZED_AUTOS = YES_AGGRESSIVE;
				GCC_WARN_UNUSED_FUNCTION = YES;
				GCC_WARN_UNUSED_VARIABLE = YES;
				IPHONEOS_DEPLOYMENT_TARGET = 17.4;
				LOCALIZATION_PREFERS_STRING_CATALOGS = YES;
				MTL_ENABLE_DEBUG_INFO = NO;
				MTL_FAST_MATH = YES;
				SDKROOT = iphoneos;
				SWIFT_COMPILATION_MODE = wholemodule;
				VALIDATE_PRODUCT = YES;
			};
			name = Release;
		};
		123FC1CD2D5A1C04003B3BDB /* Debug */ = {
			isa = XCBuildConfiguration;
			buildSettings = {
				ASSETCATALOG_COMPILER_APPICON_NAME = AppIcon;
				ASSETCATALOG_COMPILER_GLOBAL_ACCENT_COLOR_NAME = AccentColor;
				CODE_SIGN_STYLE = Automatic;
				CURRENT_PROJECT_VERSION = 1;
				DEVELOPMENT_ASSET_PATHS = "\"DevExamSwiftUi/Preview Content\"";
				ENABLE_PREVIEWS = YES;
				GENERATE_INFOPLIST_FILE = YES;
				INFOPLIST_KEY_UIApplicationSceneManifest_Generation = YES;
				INFOPLIST_KEY_UIApplicationSupportsIndirectInputEvents = YES;
				INFOPLIST_KEY_UILaunchScreen_Generation = YES;
				INFOPLIST_KEY_UISupportedInterfaceOrientations_iPad = "UIInterfaceOrientationPortrait UIInterfaceOrientationPortraitUpsideDown UIInterfaceOrientationLandscapeLeft UIInterfaceOrientationLandscapeRight";
				INFOPLIST_KEY_UISupportedInterfaceOrientations_iPhone = "UIInterfaceOrientationPortrait UIInterfaceOrientationLandscapeLeft UIInterfaceOrientationLandscapeRight";
				LD_RUNPATH_SEARCH_PATHS = (
					"$(inherited)",
					"@executable_path/Frameworks",
				);
				MARKETING_VERSION = 1.0;
				PRODUCT_BUNDLE_IDENTIFIER = test.DevExamSwiftUi;
				PRODUCT_NAME = "$(TARGET_NAME)";
				SWIFT_EMIT_LOC_STRINGS = YES;
				SWIFT_VERSION = 5.0;
				TARGETED_DEVICE_FAMILY = "1,2";
			};
			name = Debug;
		};
		123FC1CE2D5A1C04003B3BDB /* Release */ = {
			isa = XCBuildConfiguration;
			buildSettings = {
				ASSETCATALOG_COMPILER_APPICON_NAME = AppIcon;
				ASSETCATALOG_COMPILER_GLOBAL_ACCENT_COLOR_NAME = AccentColor;
				CODE_SIGN_STYLE = Automatic;
				CURRENT_PROJECT_VERSION = 1;
				DEVELOPMENT_ASSET_PATHS = "\"DevExamSwiftUi/Preview Content\"";
				ENABLE_PREVIEWS = YES;
				GENERATE_INFOPLIST_FILE = YES;
				INFOPLIST_KEY_UIApplicationSceneManifest_Generation = YES;
				INFOPLIST_KEY_UIApplicationSupportsIndirectInputEvents = YES;
				INFOPLIST_KEY_UILaunchScreen_Generation = YES;
				INFOPLIST_KEY_UISupportedInterfaceOrientations_iPad = "UIInterfaceOrientationPortrait UIInterfaceOrientationPortraitUpsideDown UIInterfaceOrientationLandscapeLeft UIInterfaceOrientationLandscapeRight";
				INFOPLIST_KEY_UISupportedInterfaceOrientations_iPhone = "UIInterfaceOrientationPortrait UIInterfaceOrientationLandscapeLeft UIInterfaceOrientationLandscapeRight";
				LD_RUNPATH_SEARCH_PATHS = (
					"$(inherited)",
					"@executable_path/Frameworks",
				);
				MARKETING_VERSION = 1.0;
				PRODUCT_BUNDLE_IDENTIFIER = test.DevExamSwiftUi;
				PRODUCT_NAME = "$(TARGET_NAME)";
				SWIFT_EMIT_LOC_STRINGS = YES;
				SWIFT_VERSION = 5.0;
				TARGETED_DEVICE_FAMILY = "1,2";
			};
			name = Release;
		};
		123FC1D02D5A1C04003B3BDB /* Debug */ = {
			isa = XCBuildConfiguration;
			buildSettings = {
				ALWAYS_EMBED_SWIFT_STANDARD_LIBRARIES = YES;
				BUNDLE_LOADER = "$(TEST_HOST)";
				CODE_SIGN_STYLE = Automatic;
				CURRENT_PROJECT_VERSION = 1;
				GENERATE_INFOPLIST_FILE = YES;
				IPHONEOS_DEPLOYMENT_TARGET = 17.4;
				MARKETING_VERSION = 1.0;
				PRODUCT_BUNDLE_IDENTIFIER = test.DevExamSwiftUiTests;
				PRODUCT_NAME = "$(TARGET_NAME)";
				SWIFT_EMIT_LOC_STRINGS = NO;
				SWIFT_VERSION = 5.0;
				TARGETED_DEVICE_FAMILY = "1,2";
				TEST_HOST = "$(BUILT_PRODUCTS_DIR)/DevExamSwiftUi.app/$(BUNDLE_EXECUTABLE_FOLDER_PATH)/DevExamSwiftUi";
			};
			name = Debug;
		};
		123FC1D12D5A1C04003B3BDB /* Release */ = {
			isa = XCBuildConfiguration;
			buildSettings = {
				ALWAYS_EMBED_SWIFT_STANDARD_LIBRARIES = YES;
				BUNDLE_LOADER = "$(TEST_HOST)";
				CODE_SIGN_STYLE = Automatic;
				CURRENT_PROJECT_VERSION = 1;
				GENERATE_INFOPLIST_FILE = YES;
				IPHONEOS_DEPLOYMENT_TARGET = 17.4;
				MARKETING_VERSION = 1.0;
				PRODUCT_BUNDLE_IDENTIFIER = test.DevExamSwiftUiTests;
				PRODUCT_NAME = "$(TARGET_NAME)";
				SWIFT_EMIT_LOC_STRINGS = NO;
				SWIFT_VERSION = 5.0;
				TARGETED_DEVICE_FAMILY = "1,2";
				TEST_HOST = "$(BUILT_PRODUCTS_DIR)/DevExamSwiftUi.app/$(BUNDLE_EXECUTABLE_FOLDER_PATH)/DevExamSwiftUi";
			};
			name = Release;
		};
		123FC1D32D5A1C04003B3BDB /* Debug */ = {
			isa = XCBuildConfiguration;
			buildSettings = {
				ALWAYS_EMBED_SWIFT_STANDARD_LIBRARIES = YES;
				CODE_SIGN_STYLE = Automatic;
				CURRENT_PROJECT_VERSION = 1;
				GENERATE_INFOPLIST_FILE = YES;
				MARKETING_VERSION = 1.0;
				PRODUCT_BUNDLE_IDENTIFIER = test.DevExamSwiftUiUITests;
				PRODUCT_NAME = "$(TARGET_NAME)";
				SWIFT_EMIT_LOC_STRINGS = NO;
				SWIFT_VERSION = 5.0;
				TARGETED_DEVICE_FAMILY = "1,2";
				TEST_TARGET_NAME = DevExamSwiftUi;
			};
			name = Debug;
		};
		123FC1D42D5A1C04003B3BDB /* Release */ = {
			isa = XCBuildConfiguration;
			buildSettings = {
				ALWAYS_EMBED_SWIFT_STANDARD_LIBRARIES = YES;
				CODE_SIGN_STYLE = Automatic;
				CURRENT_PROJECT_VERSION = 1;
				GENERATE_INFOPLIST_FILE = YES;
				MARKETING_VERSION = 1.0;
				PRODUCT_BUNDLE_IDENTIFIER = test.DevExamSwiftUiUITests;
				PRODUCT_NAME = "$(TARGET_NAME)";
				SWIFT_EMIT_LOC_STRINGS = NO;
				SWIFT_VERSION = 5.0;
				TARGETED_DEVICE_FAMILY = "1,2";
				TEST_TARGET_NAME = DevExamSwiftUi;
			};
			name = Release;
		};
/* End XCBuildConfiguration section */

/* Begin XCConfigurationList section */
		123FC1A32D5A1C02003B3BDB /* Build configuration list for PBXProject "DevExamSwiftUi" */ = {
			isa = XCConfigurationList;
			buildConfigurations = (
				123FC1CA2D5A1C04003B3BDB /* Debug */,
				123FC1CB2D5A1C04003B3BDB /* Release */,
			);
			defaultConfigurationIsVisible = 0;
			defaultConfigurationName = Release;
		};
		123FC1CC2D5A1C04003B3BDB /* Build configuration list for PBXNativeTarget "DevExamSwiftUi" */ = {
			isa = XCConfigurationList;
			buildConfigurations = (
				123FC1CD2D5A1C04003B3BDB /* Debug */,
				123FC1CE2D5A1C04003B3BDB /* Release */,
			);
			defaultConfigurationIsVisible = 0;
			defaultConfigurationName = Release;
		};
		123FC1CF2D5A1C04003B3BDB /* Build configuration list for PBXNativeTarget "DevExamSwiftUiTests" */ = {
			isa = XCConfigurationList;
			buildConfigurations = (
				123FC1D02D5A1C04003B3BDB /* Debug */,
				123FC1D12D5A1C04003B3BDB /* Release */,
			);
			defaultConfigurationIsVisible = 0;
			defaultConfigurationName = Release;
		};
		123FC1D22D5A1C04003B3BDB /* Build configuration list for PBXNativeTarget "DevExamSwiftUiUITests" */ = {
			isa = XCConfigurationList;
			buildConfigurations = (
				123FC1D32D5A1C04003B3BDB /* Debug */,
				123FC1D42D5A1C04003B3BDB /* Release */,
			);
			defaultConfigurationIsVisible = 0;
			defaultConfigurationName = Release;
		};
/* End XCConfigurationList section */
	};
	rootObject = 123FC1A02D5A1C02003B3BDB /* Project object */;
}
